// !$*UTF8*$!
{
	archiveVersion = 1;
	classes = {
	};
	objectVersion = 55;
	objects = {

/* Begin PBXBuildFile section */
		D4E0CEDF27900884004C4E5B /* AppDelegate.swift in Sources */ = {isa = PBXBuildFile; fileRef = D4E0CEDE27900883004C4E5B /* AppDelegate.swift */; };
		D4E0CEE127900884004C4E5B /* SceneDelegate.swift in Sources */ = {isa = PBXBuildFile; fileRef = D4E0CEE027900884004C4E5B /* SceneDelegate.swift */; };
		D4E0CEE327900884004C4E5B /* ViewController.swift in Sources */ = {isa = PBXBuildFile; fileRef = D4E0CEE227900884004C4E5B /* ViewController.swift */; };
		D4E0CEE627900884004C4E5B /* Main.storyboard in Resources */ = {isa = PBXBuildFile; fileRef = D4E0CEE427900884004C4E5B /* Main.storyboard */; };
		D4E0CEE827900886004C4E5B /* Assets.xcassets in Resources */ = {isa = PBXBuildFile; fileRef = D4E0CEE727900886004C4E5B /* Assets.xcassets */; };
		D4E0CEEB27900886004C4E5B /* LaunchScreen.storyboard in Resources */ = {isa = PBXBuildFile; fileRef = D4E0CEE927900886004C4E5B /* LaunchScreen.storyboard */; };
		D4E0CEF627900887004C4E5B /* ExpandingTableViewCellTests.swift in Sources */ = {isa = PBXBuildFile; fileRef = D4E0CEF527900887004C4E5B /* ExpandingTableViewCellTests.swift */; };
		D4E0CF0027900887004C4E5B /* ExpandingTableViewCellUITests.swift in Sources */ = {isa = PBXBuildFile; fileRef = D4E0CEFF27900887004C4E5B /* ExpandingTableViewCellUITests.swift */; };
		D4E0CF0227900887004C4E5B /* ExpandingTableViewCellUITestsLaunchTests.swift in Sources */ = {isa = PBXBuildFile; fileRef = D4E0CF0127900887004C4E5B /* ExpandingTableViewCellUITestsLaunchTests.swift */; };
/* End PBXBuildFile section */

/* Begin PBXContainerItemProxy section */
		D4E0CEF227900887004C4E5B /* PBXContainerItemProxy */ = {
			isa = PBXContainerItemProxy;
			containerPortal = D4E0CED327900883004C4E5B /* Project object */;
			proxyType = 1;
			remoteGlobalIDString = D4E0CEDA27900883004C4E5B;
			remoteInfo = ExpandingTableViewCell;
		};
		D4E0CEFC27900887004C4E5B /* PBXContainerItemProxy */ = {
			isa = PBXContainerItemProxy;
			containerPortal = D4E0CED327900883004C4E5B /* Project object */;
			proxyType = 1;
			remoteGlobalIDString = D4E0CEDA27900883004C4E5B;
			remoteInfo = ExpandingTableViewCell;
		};
/* End PBXContainerItemProxy section */

/* Begin PBXFileReference section */
		D4E0CEDB27900883004C4E5B /* ExpandingTableViewCell.app */ = {isa = PBXFileReference; explicitFileType = wrapper.application; includeInIndex = 0; path = ExpandingTableViewCell.app; sourceTree = BUILT_PRODUCTS_DIR; };
		D4E0CEDE27900883004C4E5B /* AppDelegate.swift */ = {isa = PBXFileReference; lastKnownFileType = sourcecode.swift; path = AppDelegate.swift; sourceTree = "<group>"; };
		D4E0CEE027900884004C4E5B /* SceneDelegate.swift */ = {isa = PBXFileReference; lastKnownFileType = sourcecode.swift; path = SceneDelegate.swift; sourceTree = "<group>"; };
		D4E0CEE227900884004C4E5B /* ViewController.swift */ = {isa = PBXFileReference; lastKnownFileType = sourcecode.swift; path = ViewController.swift; sourceTree = "<group>"; };
		D4E0CEE527900884004C4E5B /* Base */ = {isa = PBXFileReference; lastKnownFileType = file.storyboard; name = Base; path = Base.lproj/Main.storyboard; sourceTree = "<group>"; };
		D4E0CEE727900886004C4E5B /* Assets.xcassets */ = {isa = PBXFileReference; lastKnownFileType = folder.assetcatalog; path = Assets.xcassets; sourceTree = "<group>"; };
		D4E0CEEA27900886004C4E5B /* Base */ = {isa = PBXFileReference; lastKnownFileType = file.storyboard; name = Base; path = Base.lproj/LaunchScreen.storyboard; sourceTree = "<group>"; };
		D4E0CEEC27900886004C4E5B /* Info.plist */ = {isa = PBXFileReference; lastKnownFileType = text.plist.xml; path = Info.plist; sourceTree = "<group>"; };
		D4E0CEF127900887004C4E5B /* ExpandingTableViewCellTests.xctest */ = {isa = PBXFileReference; explicitFileType = wrapper.cfbundle; includeInIndex = 0; path = ExpandingTableViewCellTests.xctest; sourceTree = BUILT_PRODUCTS_DIR; };
		D4E0CEF527900887004C4E5B /* ExpandingTableViewCellTests.swift */ = {isa = PBXFileReference; lastKnownFileType = sourcecode.swift; path = ExpandingTableViewCellTests.swift; sourceTree = "<group>"; };
		D4E0CEFB27900887004C4E5B /* ExpandingTableViewCellUITests.xctest */ = {isa = PBXFileReference; explicitFileType = wrapper.cfbundle; includeInIndex = 0; path = ExpandingTableViewCellUITests.xctest; sourceTree = BUILT_PRODUCTS_DIR; };
		D4E0CEFF27900887004C4E5B /* ExpandingTableViewCellUITests.swift */ = {isa = PBXFileReference; lastKnownFileType = sourcecode.swift; path = ExpandingTableViewCellUITests.swift; sourceTree = "<group>"; };
		D4E0CF0127900887004C4E5B /* ExpandingTableViewCellUITestsLaunchTests.swift */ = {isa = PBXFileReference; lastKnownFileType = sourcecode.swift; path = ExpandingTableViewCellUITestsLaunchTests.swift; sourceTree = "<group>"; };
/* End PBXFileReference section */

/* Begin PBXFrameworksBuildPhase section */
		D4E0CED827900883004C4E5B /* Frameworks */ = {
			isa = PBXFrameworksBuildPhase;
			buildActionMask = 2147483647;
			files = (
			);
			runOnlyForDeploymentPostprocessing = 0;
		};
		D4E0CEEE27900887004C4E5B /* Frameworks */ = {
			isa = PBXFrameworksBuildPhase;
			buildActionMask = 2147483647;
			files = (
			);
			runOnlyForDeploymentPostprocessing = 0;
		};
		D4E0CEF827900887004C4E5B /* Frameworks */ = {
			isa = PBXFrameworksBuildPhase;
			buildActionMask = 2147483647;
			files = (
			);
			runOnlyForDeploymentPostprocessing = 0;
		};
/* End PBXFrameworksBuildPhase section */

/* Begin PBXGroup section */
		D4E0CED227900883004C4E5B = {
			isa = PBXGroup;
			children = (
				D4E0CEDD27900883004C4E5B /* ExpandingTableViewCell */,
				D4E0CEF427900887004C4E5B /* ExpandingTableViewCellTests */,
				D4E0CEFE27900887004C4E5B /* ExpandingTableViewCellUITests */,
				D4E0CEDC27900883004C4E5B /* Products */,
			);
			sourceTree = "<group>";
		};
		D4E0CEDC27900883004C4E5B /* Products */ = {
			isa = PBXGroup;
			children = (
				D4E0CEDB27900883004C4E5B /* ExpandingTableViewCell.app */,
				D4E0CEF127900887004C4E5B /* ExpandingTableViewCellTests.xctest */,
				D4E0CEFB27900887004C4E5B /* ExpandingTableViewCellUITests.xctest */,
			);
			name = Products;
			sourceTree = "<group>";
		};
		D4E0CEDD27900883004C4E5B /* ExpandingTableViewCell */ = {
			isa = PBXGroup;
			children = (
				D4E0CEDE27900883004C4E5B /* AppDelegate.swift */,
				D4E0CEE027900884004C4E5B /* SceneDelegate.swift */,
				D4E0CEE227900884004C4E5B /* ViewController.swift */,
				D4E0CEE427900884004C4E5B /* Main.storyboard */,
				D4E0CEE727900886004C4E5B /* Assets.xcassets */,
				D4E0CEE927900886004C4E5B /* LaunchScreen.storyboard */,
				D4E0CEEC27900886004C4E5B /* Info.plist */,
			);
			path = ExpandingTableViewCell;
			sourceTree = "<group>";
		};
		D4E0CEF427900887004C4E5B /* ExpandingTableViewCellTests */ = {
			isa = PBXGroup;
			children = (
				D4E0CEF527900887004C4E5B /* ExpandingTableViewCellTests.swift */,
			);
			path = ExpandingTableViewCellTests;
			sourceTree = "<group>";
		};
		D4E0CEFE27900887004C4E5B /* ExpandingTableViewCellUITests */ = {
			isa = PBXGroup;
			children = (
				D4E0CEFF27900887004C4E5B /* ExpandingTableViewCellUITests.swift */,
				D4E0CF0127900887004C4E5B /* ExpandingTableViewCellUITestsLaunchTests.swift */,
			);
			path = ExpandingTableViewCellUITests;
			sourceTree = "<group>";
		};
/* End PBXGroup section */

/* Begin PBXNativeTarget section */
		D4E0CEDA27900883004C4E5B /* ExpandingTableViewCell */ = {
			isa = PBXNativeTarget;
			buildConfigurationList = D4E0CF0527900887004C4E5B /* Build configuration list for PBXNativeTarget "ExpandingTableViewCell" */;
			buildPhases = (
				D4E0CED727900883004C4E5B /* Sources */,
				D4E0CED827900883004C4E5B /* Frameworks */,
				D4E0CED927900883004C4E5B /* Resources */,
			);
			buildRules = (
			);
			dependencies = (
			);
			name = ExpandingTableViewCell;
			productName = ExpandingTableViewCell;
			productReference = D4E0CEDB27900883004C4E5B /* ExpandingTableViewCell.app */;
			productType = "com.apple.product-type.application";
		};
		D4E0CEF027900887004C4E5B /* ExpandingTableViewCellTests */ = {
			isa = PBXNativeTarget;
			buildConfigurationList = D4E0CF0827900887004C4E5B /* Build configuration list for PBXNativeTarget "ExpandingTableViewCellTests" */;
			buildPhases = (
				D4E0CEED27900887004C4E5B /* Sources */,
				D4E0CEEE27900887004C4E5B /* Frameworks */,
				D4E0CEEF27900887004C4E5B /* Resources */,
			);
			buildRules = (
			);
			dependencies = (
				D4E0CEF327900887004C4E5B /* PBXTargetDependency */,
			);
			name = ExpandingTableViewCellTests;
			productName = ExpandingTableViewCellTests;
			productReference = D4E0CEF127900887004C4E5B /* ExpandingTableViewCellTests.xctest */;
			productType = "com.apple.product-type.bundle.unit-test";
		};
		D4E0CEFA27900887004C4E5B /* ExpandingTableViewCellUITests */ = {
			isa = PBXNativeTarget;
			buildConfigurationList = D4E0CF0B27900887004C4E5B /* Build configuration list for PBXNativeTarget "ExpandingTableViewCellUITests" */;
			buildPhases = (
				D4E0CEF727900887004C4E5B /* Sources */,
				D4E0CEF827900887004C4E5B /* Frameworks */,
				D4E0CEF927900887004C4E5B /* Resources */,
			);
			buildRules = (
			);
			dependencies = (
				D4E0CEFD27900887004C4E5B /* PBXTargetDependency */,
			);
			name = ExpandingTableViewCellUITests;
			productName = ExpandingTableViewCellUITests;
			productReference = D4E0CEFB27900887004C4E5B /* ExpandingTableViewCellUITests.xctest */;
			productType = "com.apple.product-type.bundle.ui-testing";
		};
/* End PBXNativeTarget section */

/* Begin PBXProject section */
		D4E0CED327900883004C4E5B /* Project object */ = {
			isa = PBXProject;
			attributes = {
				BuildIndependentTargetsInParallel = 1;
				LastSwiftUpdateCheck = 1320;
				LastUpgradeCheck = 1320;
				TargetAttributes = {
					D4E0CEDA27900883004C4E5B = {
						CreatedOnToolsVersion = 13.2.1;
					};
					D4E0CEF027900887004C4E5B = {
						CreatedOnToolsVersion = 13.2.1;
						TestTargetID = D4E0CEDA27900883004C4E5B;
					};
					D4E0CEFA27900887004C4E5B = {
						CreatedOnToolsVersion = 13.2.1;
						TestTargetID = D4E0CEDA27900883004C4E5B;
					};
				};
			};
			buildConfigurationList = D4E0CED627900883004C4E5B /* Build configuration list for PBXProject "ExpandingTableViewCell" */;
			compatibilityVersion = "Xcode 13.0";
			developmentRegion = en;
			hasScannedForEncodings = 0;
			knownRegions = (
				en,
				Base,
			);
			mainGroup = D4E0CED227900883004C4E5B;
			productRefGroup = D4E0CEDC27900883004C4E5B /* Products */;
			projectDirPath = "";
			projectRoot = "";
			targets = (
				D4E0CEDA27900883004C4E5B /* ExpandingTableViewCell */,
				D4E0CEF027900887004C4E5B /* ExpandingTableViewCellTests */,
				D4E0CEFA27900887004C4E5B /* ExpandingTableViewCellUITests */,
			);
		};
/* End PBXProject section */

/* Begin PBXResourcesBuildPhase section */
		D4E0CED927900883004C4E5B /* Resources */ = {
			isa = PBXResourcesBuildPhase;
			buildActionMask = 2147483647;
			files = (
				D4E0CEEB27900886004C4E5B /* LaunchScreen.storyboard in Resources */,
				D4E0CEE827900886004C4E5B /* Assets.xcassets in Resources */,
				D4E0CEE627900884004C4E5B /* Main.storyboard in Resources */,
			);
			runOnlyForDeploymentPostprocessing = 0;
		};
		D4E0CEEF27900887004C4E5B /* Resources */ = {
			isa = PBXResourcesBuildPhase;
			buildActionMask = 2147483647;
			files = (
			);
			runOnlyForDeploymentPostprocessing = 0;
		};
		D4E0CEF927900887004C4E5B /* Resources */ = {
			isa = PBXResourcesBuildPhase;
			buildActionMask = 2147483647;
			files = (
			);
			runOnlyForDeploymentPostprocessing = 0;
		};
/* End PBXResourcesBuildPhase section */

/* Begin PBXSourcesBuildPhase section */
		D4E0CED727900883004C4E5B /* Sources */ = {
			isa = PBXSourcesBuildPhase;
			buildActionMask = 2147483647;
			files = (
				D4E0CEE327900884004C4E5B /* ViewController.swift in Sources */,
				D4E0CEDF27900884004C4E5B /* AppDelegate.swift in Sources */,
				D4E0CEE127900884004C4E5B /* SceneDelegate.swift in Sources */,
			);
			runOnlyForDeploymentPostprocessing = 0;
		};
		D4E0CEED27900887004C4E5B /* Sources */ = {
			isa = PBXSourcesBuildPhase;
			buildActionMask = 2147483647;
			files = (
				D4E0CEF627900887004C4E5B /* ExpandingTableViewCellTests.swift in Sources */,
			);
			runOnlyForDeploymentPostprocessing = 0;
		};
		D4E0CEF727900887004C4E5B /* Sources */ = {
			isa = PBXSourcesBuildPhase;
			buildActionMask = 2147483647;
			files = (
				D4E0CF0027900887004C4E5B /* ExpandingTableViewCellUITests.swift in Sources */,
				D4E0CF0227900887004C4E5B /* ExpandingTableViewCellUITestsLaunchTests.swift in Sources */,
			);
			runOnlyForDeploymentPostprocessing = 0;
		};
/* End PBXSourcesBuildPhase section */

/* Begin PBXTargetDependency section */
		D4E0CEF327900887004C4E5B /* PBXTargetDependency */ = {
			isa = PBXTargetDependency;
			target = D4E0CEDA27900883004C4E5B /* ExpandingTableViewCell */;
			targetProxy = D4E0CEF227900887004C4E5B /* PBXContainerItemProxy */;
		};
		D4E0CEFD27900887004C4E5B /* PBXTargetDependency */ = {
			isa = PBXTargetDependency;
			target = D4E0CEDA27900883004C4E5B /* ExpandingTableViewCell */;
			targetProxy = D4E0CEFC27900887004C4E5B /* PBXContainerItemProxy */;
		};
/* End PBXTargetDependency section */

/* Begin PBXVariantGroup section */
		D4E0CEE427900884004C4E5B /* Main.storyboard */ = {
			isa = PBXVariantGroup;
			children = (
				D4E0CEE527900884004C4E5B /* Base */,
			);
			name = Main.storyboard;
			sourceTree = "<group>";
		};
		D4E0CEE927900886004C4E5B /* LaunchScreen.storyboard */ = {
			isa = PBXVariantGroup;
			children = (
				D4E0CEEA27900886004C4E5B /* Base */,
			);
			name = LaunchScreen.storyboard;
			sourceTree = "<group>";
		};
/* End PBXVariantGroup section */

/* Begin XCBuildConfiguration section */
		D4E0CF0327900887004C4E5B /* Debug */ = {
			isa = XCBuildConfiguration;
			buildSettings = {
				ALWAYS_SEARCH_USER_PATHS = NO;
				CLANG_ANALYZER_NONNULL = YES;
				CLANG_ANALYZER_NUMBER_OBJECT_CONVERSION = YES_AGGRESSIVE;
				CLANG_CXX_LANGUAGE_STANDARD = "gnu++17";
				CLANG_CXX_LIBRARY = "libc++";
				CLANG_ENABLE_MODULES = YES;
				CLANG_ENABLE_OBJC_ARC = YES;
				CLANG_ENABLE_OBJC_WEAK = YES;
				CLANG_WARN_BLOCK_CAPTURE_AUTORELEASING = YES;
				CLANG_WARN_BOOL_CONVERSION = YES;
				CLANG_WARN_COMMA = YES;
				CLANG_WARN_CONSTANT_CONVERSION = YES;
				CLANG_WARN_DEPRECATED_OBJC_IMPLEMENTATIONS = YES;
				CLANG_WARN_DIRECT_OBJC_ISA_USAGE = YES_ERROR;
				CLANG_WARN_DOCUMENTATION_COMMENTS = YES;
				CLANG_WARN_EMPTY_BODY = YES;
				CLANG_WARN_ENUM_CONVERSION = YES;
				CLANG_WARN_INFINITE_RECURSION = YES;
				CLANG_WARN_INT_CONVERSION = YES;
				CLANG_WARN_NON_LITERAL_NULL_CONVERSION = YES;
				CLANG_WARN_OBJC_IMPLICIT_RETAIN_SELF = YES;
				CLANG_WARN_OBJC_LITERAL_CONVERSION = YES;
				CLANG_WARN_OBJC_ROOT_CLASS = YES_ERROR;
				CLANG_WARN_QUOTED_INCLUDE_IN_FRAMEWORK_HEADER = YES;
				CLANG_WARN_RANGE_LOOP_ANALYSIS = YES;
				CLANG_WARN_STRICT_PROTOTYPES = YES;
				CLANG_WARN_SUSPICIOUS_MOVE = YES;
				CLANG_WARN_UNGUARDED_AVAILABILITY = YES_AGGRESSIVE;
				CLANG_WARN_UNREACHABLE_CODE = YES;
				CLANG_WARN__DUPLICATE_METHOD_MATCH = YES;
				COPY_PHASE_STRIP = NO;
				DEBUG_INFORMATION_FORMAT = dwarf;
				ENABLE_STRICT_OBJC_MSGSEND = YES;
				ENABLE_TESTABILITY = YES;
				GCC_C_LANGUAGE_STANDARD = gnu11;
				GCC_DYNAMIC_NO_PIC = NO;
				GCC_NO_COMMON_BLOCKS = YES;
				GCC_OPTIMIZATION_LEVEL = 0;
				GCC_PREPROCESSOR_DEFINITIONS = (
					"DEBUG=1",
					"$(inherited)",
				);
				GCC_WARN_64_TO_32_BIT_CONVERSION = YES;
				GCC_WARN_ABOUT_RETURN_TYPE = YES_ERROR;
				GCC_WARN_UNDECLARED_SELECTOR = YES;
				GCC_WARN_UNINITIALIZED_AUTOS = YES_AGGRESSIVE;
				GCC_WARN_UNUSED_FUNCTION = YES;
				GCC_WARN_UNUSED_VARIABLE = YES;
				IPHONEOS_DEPLOYMENT_TARGET = 15.2;
				MTL_ENABLE_DEBUG_INFO = INCLUDE_SOURCE;
				MTL_FAST_MATH = YES;
				ONLY_ACTIVE_ARCH = YES;
				SDKROOT = iphoneos;
				SWIFT_ACTIVE_COMPILATION_CONDITIONS = DEBUG;
				SWIFT_OPTIMIZATION_LEVEL = "-Onone";
			};
			name = Debug;
		};
		D4E0CF0427900887004C4E5B /* Release */ = {
			isa = XCBuildConfiguration;
			buildSettings = {
				ALWAYS_SEARCH_USER_PATHS = NO;
				CLANG_ANALYZER_NONNULL = YES;
				CLANG_ANALYZER_NUMBER_OBJECT_CONVERSION = YES_AGGRESSIVE;
				CLANG_CXX_LANGUAGE_STANDARD = "gnu++17";
				CLANG_CXX_LIBRARY = "libc++";
				CLANG_ENABLE_MODULES = YES;
				CLANG_ENABLE_OBJC_ARC = YES;
				CLANG_ENABLE_OBJC_WEAK = YES;
				CLANG_WARN_BLOCK_CAPTURE_AUTORELEASING = YES;
				CLANG_WARN_BOOL_CONVERSION = YES;
				CLANG_WARN_COMMA = YES;
				CLANG_WARN_CONSTANT_CONVERSION = YES;
				CLANG_WARN_DEPRECATED_OBJC_IMPLEMENTATIONS = YES;
				CLANG_WARN_DIRECT_OBJC_ISA_USAGE = YES_ERROR;
				CLANG_WARN_DOCUMENTATION_COMMENTS = YES;
				CLANG_WARN_EMPTY_BODY = YES;
				CLANG_WARN_ENUM_CONVERSION = YES;
				CLANG_WARN_INFINITE_RECURSION = YES;
				CLANG_WARN_INT_CONVERSION = YES;
				CLANG_WARN_NON_LITERAL_NULL_CONVERSION = YES;
				CLANG_WARN_OBJC_IMPLICIT_RETAIN_SELF = YES;
				CLANG_WARN_OBJC_LITERAL_CONVERSION = YES;
				CLANG_WARN_OBJC_ROOT_CLASS = YES_ERROR;
				CLANG_WARN_QUOTED_INCLUDE_IN_FRAMEWORK_HEADER = YES;
				CLANG_WARN_RANGE_LOOP_ANALYSIS = YES;
				CLANG_WARN_STRICT_PROTOTYPES = YES;
				CLANG_WARN_SUSPICIOUS_MOVE = YES;
				CLANG_WARN_UNGUARDED_AVAILABILITY = YES_AGGRESSIVE;
				CLANG_WARN_UNREACHABLE_CODE = YES;
				CLANG_WARN__DUPLICATE_METHOD_MATCH = YES;
				COPY_PHASE_STRIP = NO;
				DEBUG_INFORMATION_FORMAT = "dwarf-with-dsym";
				ENABLE_NS_ASSERTIONS = NO;
				ENABLE_STRICT_OBJC_MSGSEND = YES;
				GCC_C_LANGUAGE_STANDARD = gnu11;
				GCC_NO_COMMON_BLOCKS = YES;
				GCC_WARN_64_TO_32_BIT_CONVERSION = YES;
				GCC_WARN_ABOUT_RETURN_TYPE = YES_ERROR;
				GCC_WARN_UNDECLARED_SELECTOR = YES;
				GCC_WARN_UNINITIALIZED_AUTOS = YES_AGGRESSIVE;
				GCC_WARN_UNUSED_FUNCTION = YES;
				GCC_WARN_UNUSED_VARIABLE = YES;
				IPHONEOS_DEPLOYMENT_TARGET = 15.2;
				MTL_ENABLE_DEBUG_INFO = NO;
				MTL_FAST_MATH = YES;
				SDKROOT = iphoneos;
				SWIFT_COMPILATION_MODE = wholemodule;
				SWIFT_OPTIMIZATION_LEVEL = "-O";
				VALIDATE_PRODUCT = YES;
			};
			name = Release;
		};
		D4E0CF0627900887004C4E5B /* Debug */ = {
			isa = XCBuildConfiguration;
			buildSettings = {
				ASSETCATALOG_COMPILER_APPICON_NAME = AppIcon;
				ASSETCATALOG_COMPILER_GLOBAL_ACCENT_COLOR_NAME = AccentColor;
				CODE_SIGN_STYLE = Automatic;
				CURRENT_PROJECT_VERSION = 1;
				DEVELOPMENT_TEAM = 3NKSVJ82MV;
				GENERATE_INFOPLIST_FILE = YES;
				INFOPLIST_FILE = ExpandingTableViewCell/Info.plist;
				INFOPLIST_KEY_UIApplicationSupportsIndirectInputEvents = YES;
				INFOPLIST_KEY_UILaunchStoryboardName = LaunchScreen;
				INFOPLIST_KEY_UIMainStoryboardFile = Main;
				INFOPLIST_KEY_UISupportedInterfaceOrientations_iPad = "UIInterfaceOrientationPortrait UIInterfaceOrientationPortraitUpsideDown UIInterfaceOrientationLandscapeLeft UIInterfaceOrientationLandscapeRight";
				INFOPLIST_KEY_UISupportedInterfaceOrientations_iPhone = "UIInterfaceOrientationPortrait UIInterfaceOrientationLandscapeLeft UIInterfaceOrientationLandscapeRight";
				IPHONEOS_DEPLOYMENT_TARGET = 15.0;
				LD_RUNPATH_SEARCH_PATHS = (
					"$(inherited)",
					"@executable_path/Frameworks",
				);
				MARKETING_VERSION = 1.0;
				PRODUCT_BUNDLE_IDENTIFIER = JMTrue.ExpandingTableViewCell;
				PRODUCT_NAME = "$(TARGET_NAME)";
				SWIFT_EMIT_LOC_STRINGS = YES;
				SWIFT_VERSION = 5.0;
				TARGETED_DEVICE_FAMILY = "1,2";
			};
			name = Debug;
		};
		D4E0CF0727900887004C4E5B /* Release */ = {
			isa = XCBuildConfiguration;
			buildSettings = {
				ASSETCATALOG_COMPILER_APPICON_NAME = AppIcon;
				ASSETCATALOG_COMPILER_GLOBAL_ACCENT_COLOR_NAME = AccentColor;
				CODE_SIGN_STYLE = Automatic;
				CURRENT_PROJECT_VERSION = 1;
				DEVELOPMENT_TEAM = 3NKSVJ82MV;
				GENERATE_INFOPLIST_FILE = YES;
				INFOPLIST_FILE = ExpandingTableViewCell/Info.plist;
				INFOPLIST_KEY_UIApplicationSupportsIndirectInputEvents = YES;
				INFOPLIST_KEY_UILaunchStoryboardName = LaunchScreen;
				INFOPLIST_KEY_UIMainStoryboardFile = Main;
				INFOPLIST_KEY_UISupportedInterfaceOrientations_iPad = "UIInterfaceOrientationPortrait UIInterfaceOrientationPortraitUpsideDown UIInterfaceOrientationLandscapeLeft UIInterfaceOrientationLandscapeRight";
				INFOPLIST_KEY_UISupportedInterfaceOrientations_iPhone = "UIInterfaceOrientationPortrait UIInterfaceOrientationLandscapeLeft UIInterfaceOrientationLandscapeRight";
				IPHONEOS_DEPLOYMENT_TARGET = 15.0;
				LD_RUNPATH_SEARCH_PATHS = (
					"$(inherited)",
					"@executable_path/Frameworks",
				);
				MARKETING_VERSION = 1.0;
				PRODUCT_BUNDLE_IDENTIFIER = JMTrue.ExpandingTableViewCell;
				PRODUCT_NAME = "$(TARGET_NAME)";
				SWIFT_EMIT_LOC_STRINGS = YES;
				SWIFT_VERSION = 5.0;
				TARGETED_DEVICE_FAMILY = "1,2";
			};
			name = Release;
		};
		D4E0CF0927900887004C4E5B /* Debug */ = {
			isa = XCBuildConfiguration;
			buildSettings = {
				ALWAYS_EMBED_SWIFT_STANDARD_LIBRARIES = YES;
				BUNDLE_LOADER = "$(TEST_HOST)";
				CODE_SIGN_STYLE = Automatic;
				CURRENT_PROJECT_VERSION = 1;
				DEVELOPMENT_TEAM = 3NKSVJ82MV;
				GENERATE_INFOPLIST_FILE = YES;
				IPHONEOS_DEPLOYMENT_TARGET = 15.2;
				MARKETING_VERSION = 1.0;
				PRODUCT_BUNDLE_IDENTIFIER = JMTrue.ExpandingTableViewCellTests;
				PRODUCT_NAME = "$(TARGET_NAME)";
				SWIFT_EMIT_LOC_STRINGS = NO;
				SWIFT_VERSION = 5.0;
				TARGETED_DEVICE_FAMILY = "1,2";
				TEST_HOST = "$(BUILT_PRODUCTS_DIR)/ExpandingTableViewCell.app/ExpandingTableViewCell";
			};
			name = Debug;
		};
		D4E0CF0A27900887004C4E5B /* Release */ = {
			isa = XCBuildConfiguration;
			buildSettings = {
				ALWAYS_EMBED_SWIFT_STANDARD_LIBRARIES = YES;
				BUNDLE_LOADER = "$(TEST_HOST)";
				CODE_SIGN_STYLE = Automatic;
				CURRENT_PROJECT_VERSION = 1;
				DEVELOPMENT_TEAM = 3NKSVJ82MV;
				GENERATE_INFOPLIST_FILE = YES;
				IPHONEOS_DEPLOYMENT_TARGET = 15.2;
				MARKETING_VERSION = 1.0;
				PRODUCT_BUNDLE_IDENTIFIER = JMTrue.ExpandingTableViewCellTests;
				PRODUCT_NAME = "$(TARGET_NAME)";
				SWIFT_EMIT_LOC_STRINGS = NO;
				SWIFT_VERSION = 5.0;
				TARGETED_DEVICE_FAMILY = "1,2";
				TEST_HOST = "$(BUILT_PRODUCTS_DIR)/ExpandingTableViewCell.app/ExpandingTableViewCell";
			};
			name = Release;
		};
		D4E0CF0C27900887004C4E5B /* Debug */ = {
			isa = XCBuildConfiguration;
			buildSettings = {
				ALWAYS_EMBED_SWIFT_STANDARD_LIBRARIES = YES;
				CODE_SIGN_STYLE = Automatic;
				CURRENT_PROJECT_VERSION = 1;
				DEVELOPMENT_TEAM = 3NKSVJ82MV;
				GENERATE_INFOPLIST_FILE = YES;
				MARKETING_VERSION = 1.0;
				PRODUCT_BUNDLE_IDENTIFIER = JMTrue.ExpandingTableViewCellUITests;
				PRODUCT_NAME = "$(TARGET_NAME)";
				SWIFT_EMIT_LOC_STRINGS = NO;
				SWIFT_VERSION = 5.0;
				TARGETED_DEVICE_FAMILY = "1,2";
				TEST_TARGET_NAME = ExpandingTableViewCell;
			};
			name = Debug;
		};
		D4E0CF0D27900887004C4E5B /* Release */ = {
			isa = XCBuildConfiguration;
			buildSettings = {
				ALWAYS_EMBED_SWIFT_STANDARD_LIBRARIES = YES;
				CODE_SIGN_STYLE = Automatic;
				CURRENT_PROJECT_VERSION = 1;
				DEVELOPMENT_TEAM = 3NKSVJ82MV;
				GENERATE_INFOPLIST_FILE = YES;
				MARKETING_VERSION = 1.0;
				PRODUCT_BUNDLE_IDENTIFIER = JMTrue.ExpandingTableViewCellUITests;
				PRODUCT_NAME = "$(TARGET_NAME)";
				SWIFT_EMIT_LOC_STRINGS = NO;
				SWIFT_VERSION = 5.0;
				TARGETED_DEVICE_FAMILY = "1,2";
				TEST_TARGET_NAME = ExpandingTableViewCell;
			};
			name = Release;
		};
/* End XCBuildConfiguration section */

/* Begin XCConfigurationList section */
		D4E0CED627900883004C4E5B /* Build configuration list for PBXProject "ExpandingTableViewCell" */ = {
			isa = XCConfigurationList;
			buildConfigurations = (
				D4E0CF0327900887004C4E5B /* Debug */,
				D4E0CF0427900887004C4E5B /* Release */,
			);
			defaultConfigurationIsVisible = 0;
			defaultConfigurationName = Release;
		};
		D4E0CF0527900887004C4E5B /* Build configuration list for PBXNativeTarget "ExpandingTableViewCell" */ = {
			isa = XCConfigurationList;
			buildConfigurations = (
				D4E0CF0627900887004C4E5B /* Debug */,
				D4E0CF0727900887004C4E5B /* Release */,
			);
			defaultConfigurationIsVisible = 0;
			defaultConfigurationName = Release;
		};
		D4E0CF0827900887004C4E5B /* Build configuration list for PBXNativeTarget "ExpandingTableViewCellTests" */ = {
			isa = XCConfigurationList;
			buildConfigurations = (
				D4E0CF0927900887004C4E5B /* Debug */,
				D4E0CF0A27900887004C4E5B /* Release */,
			);
			defaultConfigurationIsVisible = 0;
			defaultConfigurationName = Release;
		};
		D4E0CF0B27900887004C4E5B /* Build configuration list for PBXNativeTarget "ExpandingTableViewCellUITests" */ = {
			isa = XCConfigurationList;
			buildConfigurations = (
				D4E0CF0C27900887004C4E5B /* Debug */,
				D4E0CF0D27900887004C4E5B /* Release */,
			);
			defaultConfigurationIsVisible = 0;
			defaultConfigurationName = Release;
		};
/* End XCConfigurationList section */
	};
	rootObject = D4E0CED327900883004C4E5B /* Project object */;
}
