// !$*UTF8*$!
{
	archiveVersion = 1;
	classes = {
	};
	objectVersion = 50;
	objects = {

/* Begin PBXBuildFile section */
		D4BC1FE92744ECBC0066D194 /* Model.swift in Sources */ = {isa = PBXBuildFile; fileRef = D4BC1FE82744ECBC0066D194 /* Model.swift */; };
		D4BC1FEB2744ECE40066D194 /* CustomTableViewCell.swift in Sources */ = {isa = PBXBuildFile; fileRef = D4BC1FEA2744ECE40066D194 /* CustomTableViewCell.swift */; };
		D4FE5CAB2744C539000FDE69 /* AppDelegate.swift in Sources */ = {isa = PBXBuildFile; fileRef = D4FE5CAA2744C539000FDE69 /* AppDelegate.swift */; };
		D4FE5CAD2744C539000FDE69 /* SceneDelegate.swift in Sources */ = {isa = PBXBuildFile; fileRef = D4FE5CAC2744C539000FDE69 /* SceneDelegate.swift */; };
		D4FE5CAF2744C539000FDE69 /* ViewController.swift in Sources */ = {isa = PBXBuildFile; fileRef = D4FE5CAE2744C539000FDE69 /* ViewController.swift */; };
		D4FE5CB22744C539000FDE69 /* Main.storyboard in Resources */ = {isa = PBXBuildFile; fileRef = D4FE5CB02744C539000FDE69 /* Main.storyboard */; };
		D4FE5CB42744C544000FDE69 /* Assets.xcassets in Resources */ = {isa = PBXBuildFile; fileRef = D4FE5CB32744C544000FDE69 /* Assets.xcassets */; };
		D4FE5CB72744C544000FDE69 /* LaunchScreen.storyboard in Resources */ = {isa = PBXBuildFile; fileRef = D4FE5CB52744C544000FDE69 /* LaunchScreen.storyboard */; };
		D4FE5CC22744C545000FDE69 /* insertCell_VS_reloadDataTests.swift in Sources */ = {isa = PBXBuildFile; fileRef = D4FE5CC12744C545000FDE69 /* insertCell_VS_reloadDataTests.swift */; };
		D4FE5CCD2744C545000FDE69 /* insertCell_VS_reloadDataUITests.swift in Sources */ = {isa = PBXBuildFile; fileRef = D4FE5CCC2744C545000FDE69 /* insertCell_VS_reloadDataUITests.swift */; };
/* End PBXBuildFile section */

/* Begin PBXContainerItemProxy section */
		D4FE5CBE2744C545000FDE69 /* PBXContainerItemProxy */ = {
			isa = PBXContainerItemProxy;
			containerPortal = D4FE5C9F2744C539000FDE69 /* Project object */;
			proxyType = 1;
			remoteGlobalIDString = D4FE5CA62744C539000FDE69;
			remoteInfo = insertCell_VS_reloadData;
		};
		D4FE5CC92744C545000FDE69 /* PBXContainerItemProxy */ = {
			isa = PBXContainerItemProxy;
			containerPortal = D4FE5C9F2744C539000FDE69 /* Project object */;
			proxyType = 1;
			remoteGlobalIDString = D4FE5CA62744C539000FDE69;
			remoteInfo = insertCell_VS_reloadData;
		};
/* End PBXContainerItemProxy section */

/* Begin PBXFileReference section */
		D4BC1FE82744ECBC0066D194 /* Model.swift */ = {isa = PBXFileReference; lastKnownFileType = sourcecode.swift; path = Model.swift; sourceTree = "<group>"; };
		D4BC1FEA2744ECE40066D194 /* CustomTableViewCell.swift */ = {isa = PBXFileReference; lastKnownFileType = sourcecode.swift; path = CustomTableViewCell.swift; sourceTree = "<group>"; };
		D4FE5CA72744C539000FDE69 /* insertCell_VS_reloadData.app */ = {isa = PBXFileReference; explicitFileType = wrapper.application; includeInIndex = 0; path = insertCell_VS_reloadData.app; sourceTree = BUILT_PRODUCTS_DIR; };
		D4FE5CAA2744C539000FDE69 /* AppDelegate.swift */ = {isa = PBXFileReference; lastKnownFileType = sourcecode.swift; path = AppDelegate.swift; sourceTree = "<group>"; };
		D4FE5CAC2744C539000FDE69 /* SceneDelegate.swift */ = {isa = PBXFileReference; lastKnownFileType = sourcecode.swift; path = SceneDelegate.swift; sourceTree = "<group>"; };
		D4FE5CAE2744C539000FDE69 /* ViewController.swift */ = {isa = PBXFileReference; lastKnownFileType = sourcecode.swift; path = ViewController.swift; sourceTree = "<group>"; };
		D4FE5CB12744C539000FDE69 /* Base */ = {isa = PBXFileReference; lastKnownFileType = file.storyboard; name = Base; path = Base.lproj/Main.storyboard; sourceTree = "<group>"; };
		D4FE5CB32744C544000FDE69 /* Assets.xcassets */ = {isa = PBXFileReference; lastKnownFileType = folder.assetcatalog; path = Assets.xcassets; sourceTree = "<group>"; };
		D4FE5CB62744C544000FDE69 /* Base */ = {isa = PBXFileReference; lastKnownFileType = file.storyboard; name = Base; path = Base.lproj/LaunchScreen.storyboard; sourceTree = "<group>"; };
		D4FE5CB82744C544000FDE69 /* Info.plist */ = {isa = PBXFileReference; lastKnownFileType = text.plist.xml; path = Info.plist; sourceTree = "<group>"; };
		D4FE5CBD2744C545000FDE69 /* insertCell_VS_reloadDataTests.xctest */ = {isa = PBXFileReference; explicitFileType = wrapper.cfbundle; includeInIndex = 0; path = insertCell_VS_reloadDataTests.xctest; sourceTree = BUILT_PRODUCTS_DIR; };
		D4FE5CC12744C545000FDE69 /* insertCell_VS_reloadDataTests.swift */ = {isa = PBXFileReference; lastKnownFileType = sourcecode.swift; path = insertCell_VS_reloadDataTests.swift; sourceTree = "<group>"; };
		D4FE5CC32744C545000FDE69 /* Info.plist */ = {isa = PBXFileReference; lastKnownFileType = text.plist.xml; path = Info.plist; sourceTree = "<group>"; };
		D4FE5CC82744C545000FDE69 /* insertCell_VS_reloadDataUITests.xctest */ = {isa = PBXFileReference; explicitFileType = wrapper.cfbundle; includeInIndex = 0; path = insertCell_VS_reloadDataUITests.xctest; sourceTree = BUILT_PRODUCTS_DIR; };
		D4FE5CCC2744C545000FDE69 /* insertCell_VS_reloadDataUITests.swift */ = {isa = PBXFileReference; lastKnownFileType = sourcecode.swift; path = insertCell_VS_reloadDataUITests.swift; sourceTree = "<group>"; };
		D4FE5CCE2744C545000FDE69 /* Info.plist */ = {isa = PBXFileReference; lastKnownFileType = text.plist.xml; path = Info.plist; sourceTree = "<group>"; };
/* End PBXFileReference section */

/* Begin PBXFrameworksBuildPhase section */
		D4FE5CA42744C539000FDE69 /* Frameworks */ = {
			isa = PBXFrameworksBuildPhase;
			buildActionMask = 2147483647;
			files = (
			);
			runOnlyForDeploymentPostprocessing = 0;
		};
		D4FE5CBA2744C545000FDE69 /* Frameworks */ = {
			isa = PBXFrameworksBuildPhase;
			buildActionMask = 2147483647;
			files = (
			);
			runOnlyForDeploymentPostprocessing = 0;
		};
		D4FE5CC52744C545000FDE69 /* Frameworks */ = {
			isa = PBXFrameworksBuildPhase;
			buildActionMask = 2147483647;
			files = (
			);
			runOnlyForDeploymentPostprocessing = 0;
		};
/* End PBXFrameworksBuildPhase section */

/* Begin PBXGroup section */
		D4BC1FE72744ECAD0066D194 /* MVC */ = {
			isa = PBXGroup;
			children = (
				D4FE5CAE2744C539000FDE69 /* ViewController.swift */,
				D4BC1FE82744ECBC0066D194 /* Model.swift */,
				D4BC1FEA2744ECE40066D194 /* CustomTableViewCell.swift */,
			);
			path = MVC;
			sourceTree = "<group>";
		};
		D4FE5C9E2744C539000FDE69 = {
			isa = PBXGroup;
			children = (
				D4FE5CA92744C539000FDE69 /* insertCell_VS_reloadData */,
				D4FE5CC02744C545000FDE69 /* insertCell_VS_reloadDataTests */,
				D4FE5CCB2744C545000FDE69 /* insertCell_VS_reloadDataUITests */,
				D4FE5CA82744C539000FDE69 /* Products */,
			);
			sourceTree = "<group>";
		};
		D4FE5CA82744C539000FDE69 /* Products */ = {
			isa = PBXGroup;
			children = (
				D4FE5CA72744C539000FDE69 /* insertCell_VS_reloadData.app */,
				D4FE5CBD2744C545000FDE69 /* insertCell_VS_reloadDataTests.xctest */,
				D4FE5CC82744C545000FDE69 /* insertCell_VS_reloadDataUITests.xctest */,
			);
			name = Products;
			sourceTree = "<group>";
		};
		D4FE5CA92744C539000FDE69 /* insertCell_VS_reloadData */ = {
			isa = PBXGroup;
			children = (
				D4FE5CAA2744C539000FDE69 /* AppDelegate.swift */,
				D4FE5CAC2744C539000FDE69 /* SceneDelegate.swift */,
				D4BC1FE72744ECAD0066D194 /* MVC */,
				D4FE5CB02744C539000FDE69 /* Main.storyboard */,
				D4FE5CB32744C544000FDE69 /* Assets.xcassets */,
				D4FE5CB52744C544000FDE69 /* LaunchScreen.storyboard */,
				D4FE5CB82744C544000FDE69 /* Info.plist */,
			);
			path = insertCell_VS_reloadData;
			sourceTree = "<group>";
		};
		D4FE5CC02744C545000FDE69 /* insertCell_VS_reloadDataTests */ = {
			isa = PBXGroup;
			children = (
				D4FE5CC12744C545000FDE69 /* insertCell_VS_reloadDataTests.swift */,
				D4FE5CC32744C545000FDE69 /* Info.plist */,
			);
			path = insertCell_VS_reloadDataTests;
			sourceTree = "<group>";
		};
		D4FE5CCB2744C545000FDE69 /* insertCell_VS_reloadDataUITests */ = {
			isa = PBXGroup;
			children = (
				D4FE5CCC2744C545000FDE69 /* insertCell_VS_reloadDataUITests.swift */,
				D4FE5CCE2744C545000FDE69 /* Info.plist */,
			);
			path = insertCell_VS_reloadDataUITests;
			sourceTree = "<group>";
		};
/* End PBXGroup section */

/* Begin PBXNativeTarget section */
		D4FE5CA62744C539000FDE69 /* insertCell_VS_reloadData */ = {
			isa = PBXNativeTarget;
			buildConfigurationList = D4FE5CD12744C546000FDE69 /* Build configuration list for PBXNativeTarget "insertCell_VS_reloadData" */;
			buildPhases = (
				D4FE5CA32744C539000FDE69 /* Sources */,
				D4FE5CA42744C539000FDE69 /* Frameworks */,
				D4FE5CA52744C539000FDE69 /* Resources */,
			);
			buildRules = (
			);
			dependencies = (
			);
			name = insertCell_VS_reloadData;
			productName = insertCell_VS_reloadData;
			productReference = D4FE5CA72744C539000FDE69 /* insertCell_VS_reloadData.app */;
			productType = "com.apple.product-type.application";
		};
		D4FE5CBC2744C545000FDE69 /* insertCell_VS_reloadDataTests */ = {
			isa = PBXNativeTarget;
			buildConfigurationList = D4FE5CD42744C546000FDE69 /* Build configuration list for PBXNativeTarget "insertCell_VS_reloadDataTests" */;
			buildPhases = (
				D4FE5CB92744C545000FDE69 /* Sources */,
				D4FE5CBA2744C545000FDE69 /* Frameworks */,
				D4FE5CBB2744C545000FDE69 /* Resources */,
			);
			buildRules = (
			);
			dependencies = (
				D4FE5CBF2744C545000FDE69 /* PBXTargetDependency */,
			);
			name = insertCell_VS_reloadDataTests;
			productName = insertCell_VS_reloadDataTests;
			productReference = D4FE5CBD2744C545000FDE69 /* insertCell_VS_reloadDataTests.xctest */;
			productType = "com.apple.product-type.bundle.unit-test";
		};
		D4FE5CC72744C545000FDE69 /* insertCell_VS_reloadDataUITests */ = {
			isa = PBXNativeTarget;
			buildConfigurationList = D4FE5CD72744C546000FDE69 /* Build configuration list for PBXNativeTarget "insertCell_VS_reloadDataUITests" */;
			buildPhases = (
				D4FE5CC42744C545000FDE69 /* Sources */,
				D4FE5CC52744C545000FDE69 /* Frameworks */,
				D4FE5CC62744C545000FDE69 /* Resources */,
			);
			buildRules = (
			);
			dependencies = (
				D4FE5CCA2744C545000FDE69 /* PBXTargetDependency */,
			);
			name = insertCell_VS_reloadDataUITests;
			productName = insertCell_VS_reloadDataUITests;
			productReference = D4FE5CC82744C545000FDE69 /* insertCell_VS_reloadDataUITests.xctest */;
			productType = "com.apple.product-type.bundle.ui-testing";
		};
/* End PBXNativeTarget section */

/* Begin PBXProject section */
		D4FE5C9F2744C539000FDE69 /* Project object */ = {
			isa = PBXProject;
			attributes = {
				LastSwiftUpdateCheck = 1250;
				LastUpgradeCheck = 1250;
				TargetAttributes = {
					D4FE5CA62744C539000FDE69 = {
						CreatedOnToolsVersion = 12.5.1;
					};
					D4FE5CBC2744C545000FDE69 = {
						CreatedOnToolsVersion = 12.5.1;
						TestTargetID = D4FE5CA62744C539000FDE69;
					};
					D4FE5CC72744C545000FDE69 = {
						CreatedOnToolsVersion = 12.5.1;
						TestTargetID = D4FE5CA62744C539000FDE69;
					};
				};
			};
			buildConfigurationList = D4FE5CA22744C539000FDE69 /* Build configuration list for PBXProject "insertCell_VS_reloadData" */;
			compatibilityVersion = "Xcode 9.3";
			developmentRegion = en;
			hasScannedForEncodings = 0;
			knownRegions = (
				en,
				Base,
			);
			mainGroup = D4FE5C9E2744C539000FDE69;
			productRefGroup = D4FE5CA82744C539000FDE69 /* Products */;
			projectDirPath = "";
			projectRoot = "";
			targets = (
				D4FE5CA62744C539000FDE69 /* insertCell_VS_reloadData */,
				D4FE5CBC2744C545000FDE69 /* insertCell_VS_reloadDataTests */,
				D4FE5CC72744C545000FDE69 /* insertCell_VS_reloadDataUITests */,
			);
		};
/* End PBXProject section */

/* Begin PBXResourcesBuildPhase section */
		D4FE5CA52744C539000FDE69 /* Resources */ = {
			isa = PBXResourcesBuildPhase;
			buildActionMask = 2147483647;
			files = (
				D4FE5CB72744C544000FDE69 /* LaunchScreen.storyboard in Resources */,
				D4FE5CB42744C544000FDE69 /* Assets.xcassets in Resources */,
				D4FE5CB22744C539000FDE69 /* Main.storyboard in Resources */,
			);
			runOnlyForDeploymentPostprocessing = 0;
		};
		D4FE5CBB2744C545000FDE69 /* Resources */ = {
			isa = PBXResourcesBuildPhase;
			buildActionMask = 2147483647;
			files = (
			);
			runOnlyForDeploymentPostprocessing = 0;
		};
		D4FE5CC62744C545000FDE69 /* Resources */ = {
			isa = PBXResourcesBuildPhase;
			buildActionMask = 2147483647;
			files = (
			);
			runOnlyForDeploymentPostprocessing = 0;
		};
/* End PBXResourcesBuildPhase section */

/* Begin PBXSourcesBuildPhase section */
		D4FE5CA32744C539000FDE69 /* Sources */ = {
			isa = PBXSourcesBuildPhase;
			buildActionMask = 2147483647;
			files = (
				D4FE5CAF2744C539000FDE69 /* ViewController.swift in Sources */,
				D4BC1FEB2744ECE40066D194 /* CustomTableViewCell.swift in Sources */,
				D4FE5CAB2744C539000FDE69 /* AppDelegate.swift in Sources */,
				D4FE5CAD2744C539000FDE69 /* SceneDelegate.swift in Sources */,
				D4BC1FE92744ECBC0066D194 /* Model.swift in Sources */,
			);
			runOnlyForDeploymentPostprocessing = 0;
		};
		D4FE5CB92744C545000FDE69 /* Sources */ = {
			isa = PBXSourcesBuildPhase;
			buildActionMask = 2147483647;
			files = (
				D4FE5CC22744C545000FDE69 /* insertCell_VS_reloadDataTests.swift in Sources */,
			);
			runOnlyForDeploymentPostprocessing = 0;
		};
		D4FE5CC42744C545000FDE69 /* Sources */ = {
			isa = PBXSourcesBuildPhase;
			buildActionMask = 2147483647;
			files = (
				D4FE5CCD2744C545000FDE69 /* insertCell_VS_reloadDataUITests.swift in Sources */,
			);
			runOnlyForDeploymentPostprocessing = 0;
		};
/* End PBXSourcesBuildPhase section */

/* Begin PBXTargetDependency section */
		D4FE5CBF2744C545000FDE69 /* PBXTargetDependency */ = {
			isa = PBXTargetDependency;
			target = D4FE5CA62744C539000FDE69 /* insertCell_VS_reloadData */;
			targetProxy = D4FE5CBE2744C545000FDE69 /* PBXContainerItemProxy */;
		};
		D4FE5CCA2744C545000FDE69 /* PBXTargetDependency */ = {
			isa = PBXTargetDependency;
			target = D4FE5CA62744C539000FDE69 /* insertCell_VS_reloadData */;
			targetProxy = D4FE5CC92744C545000FDE69 /* PBXContainerItemProxy */;
		};
/* End PBXTargetDependency section */

/* Begin PBXVariantGroup section */
		D4FE5CB02744C539000FDE69 /* Main.storyboard */ = {
			isa = PBXVariantGroup;
			children = (
				D4FE5CB12744C539000FDE69 /* Base */,
			);
			name = Main.storyboard;
			sourceTree = "<group>";
		};
		D4FE5CB52744C544000FDE69 /* LaunchScreen.storyboard */ = {
			isa = PBXVariantGroup;
			children = (
				D4FE5CB62744C544000FDE69 /* Base */,
			);
			name = LaunchScreen.storyboard;
			sourceTree = "<group>";
		};
/* End PBXVariantGroup section */

/* Begin XCBuildConfiguration section */
		D4FE5CCF2744C546000FDE69 /* Debug */ = {
			isa = XCBuildConfiguration;
			buildSettings = {
				ALWAYS_SEARCH_USER_PATHS = NO;
				CLANG_ANALYZER_NONNULL = YES;
				CLANG_ANALYZER_NUMBER_OBJECT_CONVERSION = YES_AGGRESSIVE;
				CLANG_CXX_LANGUAGE_STANDARD = "gnu++14";
				CLANG_CXX_LIBRARY = "libc++";
				CLANG_ENABLE_MODULES = YES;
				CLANG_ENABLE_OBJC_ARC = YES;
				CLANG_ENABLE_OBJC_WEAK = YES;
				CLANG_WARN_BLOCK_CAPTURE_AUTORELEASING = YES;
				CLANG_WARN_BOOL_CONVERSION = YES;
				CLANG_WARN_COMMA = YES;
				CLANG_WARN_CONSTANT_CONVERSION = YES;
				CLANG_WARN_DEPRECATED_OBJC_IMPLEMENTATIONS = YES;
				CLANG_WARN_DIRECT_OBJC_ISA_USAGE = YES_ERROR;
				CLANG_WARN_DOCUMENTATION_COMMENTS = YES;
				CLANG_WARN_EMPTY_BODY = YES;
				CLANG_WARN_ENUM_CONVERSION = YES;
				CLANG_WARN_INFINITE_RECURSION = YES;
				CLANG_WARN_INT_CONVERSION = YES;
				CLANG_WARN_NON_LITERAL_NULL_CONVERSION = YES;
				CLANG_WARN_OBJC_IMPLICIT_RETAIN_SELF = YES;
				CLANG_WARN_OBJC_LITERAL_CONVERSION = YES;
				CLANG_WARN_OBJC_ROOT_CLASS = YES_ERROR;
				CLANG_WARN_QUOTED_INCLUDE_IN_FRAMEWORK_HEADER = YES;
				CLANG_WARN_RANGE_LOOP_ANALYSIS = YES;
				CLANG_WARN_STRICT_PROTOTYPES = YES;
				CLANG_WARN_SUSPICIOUS_MOVE = YES;
				CLANG_WARN_UNGUARDED_AVAILABILITY = YES_AGGRESSIVE;
				CLANG_WARN_UNREACHABLE_CODE = YES;
				CLANG_WARN__DUPLICATE_METHOD_MATCH = YES;
				COPY_PHASE_STRIP = NO;
				DEBUG_INFORMATION_FORMAT = dwarf;
				ENABLE_STRICT_OBJC_MSGSEND = YES;
				ENABLE_TESTABILITY = YES;
				GCC_C_LANGUAGE_STANDARD = gnu11;
				GCC_DYNAMIC_NO_PIC = NO;
				GCC_NO_COMMON_BLOCKS = YES;
				GCC_OPTIMIZATION_LEVEL = 0;
				GCC_PREPROCESSOR_DEFINITIONS = (
					"DEBUG=1",
					"$(inherited)",
				);
				GCC_WARN_64_TO_32_BIT_CONVERSION = YES;
				GCC_WARN_ABOUT_RETURN_TYPE = YES_ERROR;
				GCC_WARN_UNDECLARED_SELECTOR = YES;
				GCC_WARN_UNINITIALIZED_AUTOS = YES_AGGRESSIVE;
				GCC_WARN_UNUSED_FUNCTION = YES;
				GCC_WARN_UNUSED_VARIABLE = YES;
				IPHONEOS_DEPLOYMENT_TARGET = 14.5;
				MTL_ENABLE_DEBUG_INFO = INCLUDE_SOURCE;
				MTL_FAST_MATH = YES;
				ONLY_ACTIVE_ARCH = YES;
				SDKROOT = iphoneos;
				SWIFT_ACTIVE_COMPILATION_CONDITIONS = DEBUG;
				SWIFT_OPTIMIZATION_LEVEL = "-Onone";
			};
			name = Debug;
		};
		D4FE5CD02744C546000FDE69 /* Release */ = {
			isa = XCBuildConfiguration;
			buildSettings = {
				ALWAYS_SEARCH_USER_PATHS = NO;
				CLANG_ANALYZER_NONNULL = YES;
				CLANG_ANALYZER_NUMBER_OBJECT_CONVERSION = YES_AGGRESSIVE;
				CLANG_CXX_LANGUAGE_STANDARD = "gnu++14";
				CLANG_CXX_LIBRARY = "libc++";
				CLANG_ENABLE_MODULES = YES;
				CLANG_ENABLE_OBJC_ARC = YES;
				CLANG_ENABLE_OBJC_WEAK = YES;
				CLANG_WARN_BLOCK_CAPTURE_AUTORELEASING = YES;
				CLANG_WARN_BOOL_CONVERSION = YES;
				CLANG_WARN_COMMA = YES;
				CLANG_WARN_CONSTANT_CONVERSION = YES;
				CLANG_WARN_DEPRECATED_OBJC_IMPLEMENTATIONS = YES;
				CLANG_WARN_DIRECT_OBJC_ISA_USAGE = YES_ERROR;
				CLANG_WARN_DOCUMENTATION_COMMENTS = YES;
				CLANG_WARN_EMPTY_BODY = YES;
				CLANG_WARN_ENUM_CONVERSION = YES;
				CLANG_WARN_INFINITE_RECURSION = YES;
				CLANG_WARN_INT_CONVERSION = YES;
				CLANG_WARN_NON_LITERAL_NULL_CONVERSION = YES;
				CLANG_WARN_OBJC_IMPLICIT_RETAIN_SELF = YES;
				CLANG_WARN_OBJC_LITERAL_CONVERSION = YES;
				CLANG_WARN_OBJC_ROOT_CLASS = YES_ERROR;
				CLANG_WARN_QUOTED_INCLUDE_IN_FRAMEWORK_HEADER = YES;
				CLANG_WARN_RANGE_LOOP_ANALYSIS = YES;
				CLANG_WARN_STRICT_PROTOTYPES = YES;
				CLANG_WARN_SUSPICIOUS_MOVE = YES;
				CLANG_WARN_UNGUARDED_AVAILABILITY = YES_AGGRESSIVE;
				CLANG_WARN_UNREACHABLE_CODE = YES;
				CLANG_WARN__DUPLICATE_METHOD_MATCH = YES;
				COPY_PHASE_STRIP = NO;
				DEBUG_INFORMATION_FORMAT = "dwarf-with-dsym";
				ENABLE_NS_ASSERTIONS = NO;
				ENABLE_STRICT_OBJC_MSGSEND = YES;
				GCC_C_LANGUAGE_STANDARD = gnu11;
				GCC_NO_COMMON_BLOCKS = YES;
				GCC_WARN_64_TO_32_BIT_CONVERSION = YES;
				GCC_WARN_ABOUT_RETURN_TYPE = YES_ERROR;
				GCC_WARN_UNDECLARED_SELECTOR = YES;
				GCC_WARN_UNINITIALIZED_AUTOS = YES_AGGRESSIVE;
				GCC_WARN_UNUSED_FUNCTION = YES;
				GCC_WARN_UNUSED_VARIABLE = YES;
				IPHONEOS_DEPLOYMENT_TARGET = 14.5;
				MTL_ENABLE_DEBUG_INFO = NO;
				MTL_FAST_MATH = YES;
				SDKROOT = iphoneos;
				SWIFT_COMPILATION_MODE = wholemodule;
				SWIFT_OPTIMIZATION_LEVEL = "-O";
				VALIDATE_PRODUCT = YES;
			};
			name = Release;
		};
		D4FE5CD22744C546000FDE69 /* Debug */ = {
			isa = XCBuildConfiguration;
			buildSettings = {
				ASSETCATALOG_COMPILER_APPICON_NAME = AppIcon;
				ASSETCATALOG_COMPILER_GLOBAL_ACCENT_COLOR_NAME = AccentColor;
				CODE_SIGN_STYLE = Automatic;
				DEVELOPMENT_TEAM = 3NKSVJ82MV;
				INFOPLIST_FILE = insertCell_VS_reloadData/Info.plist;
				LD_RUNPATH_SEARCH_PATHS = (
					"$(inherited)",
					"@executable_path/Frameworks",
				);
				PRODUCT_BUNDLE_IDENTIFIER = "JMTrue.insertCell-VS-reloadData";
				PRODUCT_NAME = "$(TARGET_NAME)";
				SWIFT_VERSION = 5.0;
				TARGETED_DEVICE_FAMILY = "1,2";
			};
			name = Debug;
		};
		D4FE5CD32744C546000FDE69 /* Release */ = {
			isa = XCBuildConfiguration;
			buildSettings = {
				ASSETCATALOG_COMPILER_APPICON_NAME = AppIcon;
				ASSETCATALOG_COMPILER_GLOBAL_ACCENT_COLOR_NAME = AccentColor;
				CODE_SIGN_STYLE = Automatic;
				DEVELOPMENT_TEAM = 3NKSVJ82MV;
				INFOPLIST_FILE = insertCell_VS_reloadData/Info.plist;
				LD_RUNPATH_SEARCH_PATHS = (
					"$(inherited)",
					"@executable_path/Frameworks",
				);
				PRODUCT_BUNDLE_IDENTIFIER = "JMTrue.insertCell-VS-reloadData";
				PRODUCT_NAME = "$(TARGET_NAME)";
				SWIFT_VERSION = 5.0;
				TARGETED_DEVICE_FAMILY = "1,2";
			};
			name = Release;
		};
		D4FE5CD52744C546000FDE69 /* Debug */ = {
			isa = XCBuildConfiguration;
			buildSettings = {
				ALWAYS_EMBED_SWIFT_STANDARD_LIBRARIES = YES;
				BUNDLE_LOADER = "$(TEST_HOST)";
				CODE_SIGN_STYLE = Automatic;
				DEVELOPMENT_TEAM = 3NKSVJ82MV;
				INFOPLIST_FILE = insertCell_VS_reloadDataTests/Info.plist;
				IPHONEOS_DEPLOYMENT_TARGET = 14.5;
				LD_RUNPATH_SEARCH_PATHS = (
					"$(inherited)",
					"@executable_path/Frameworks",
					"@loader_path/Frameworks",
				);
				PRODUCT_BUNDLE_IDENTIFIER = "JMTrue.insertCell-VS-reloadDataTests";
				PRODUCT_NAME = "$(TARGET_NAME)";
				SWIFT_VERSION = 5.0;
				TARGETED_DEVICE_FAMILY = "1,2";
				TEST_HOST = "$(BUILT_PRODUCTS_DIR)/insertCell_VS_reloadData.app/insertCell_VS_reloadData";
			};
			name = Debug;
		};
		D4FE5CD62744C546000FDE69 /* Release */ = {
			isa = XCBuildConfiguration;
			buildSettings = {
				ALWAYS_EMBED_SWIFT_STANDARD_LIBRARIES = YES;
				BUNDLE_LOADER = "$(TEST_HOST)";
				CODE_SIGN_STYLE = Automatic;
				DEVELOPMENT_TEAM = 3NKSVJ82MV;
				INFOPLIST_FILE = insertCell_VS_reloadDataTests/Info.plist;
				IPHONEOS_DEPLOYMENT_TARGET = 14.5;
				LD_RUNPATH_SEARCH_PATHS = (
					"$(inherited)",
					"@executable_path/Frameworks",
					"@loader_path/Frameworks",
				);
				PRODUCT_BUNDLE_IDENTIFIER = "JMTrue.insertCell-VS-reloadDataTests";
				PRODUCT_NAME = "$(TARGET_NAME)";
				SWIFT_VERSION = 5.0;
				TARGETED_DEVICE_FAMILY = "1,2";
				TEST_HOST = "$(BUILT_PRODUCTS_DIR)/insertCell_VS_reloadData.app/insertCell_VS_reloadData";
			};
			name = Release;
		};
		D4FE5CD82744C546000FDE69 /* Debug */ = {
			isa = XCBuildConfiguration;
			buildSettings = {
				ALWAYS_EMBED_SWIFT_STANDARD_LIBRARIES = YES;
				CODE_SIGN_STYLE = Automatic;
				DEVELOPMENT_TEAM = 3NKSVJ82MV;
				INFOPLIST_FILE = insertCell_VS_reloadDataUITests/Info.plist;
				LD_RUNPATH_SEARCH_PATHS = (
					"$(inherited)",
					"@executable_path/Frameworks",
					"@loader_path/Frameworks",
				);
				PRODUCT_BUNDLE_IDENTIFIER = "JMTrue.insertCell-VS-reloadDataUITests";
				PRODUCT_NAME = "$(TARGET_NAME)";
				SWIFT_VERSION = 5.0;
				TARGETED_DEVICE_FAMILY = "1,2";
				TEST_TARGET_NAME = insertCell_VS_reloadData;
			};
			name = Debug;
		};
		D4FE5CD92744C546000FDE69 /* Release */ = {
			isa = XCBuildConfiguration;
			buildSettings = {
				ALWAYS_EMBED_SWIFT_STANDARD_LIBRARIES = YES;
				CODE_SIGN_STYLE = Automatic;
				DEVELOPMENT_TEAM = 3NKSVJ82MV;
				INFOPLIST_FILE = insertCell_VS_reloadDataUITests/Info.plist;
				LD_RUNPATH_SEARCH_PATHS = (
					"$(inherited)",
					"@executable_path/Frameworks",
					"@loader_path/Frameworks",
				);
				PRODUCT_BUNDLE_IDENTIFIER = "JMTrue.insertCell-VS-reloadDataUITests";
				PRODUCT_NAME = "$(TARGET_NAME)";
				SWIFT_VERSION = 5.0;
				TARGETED_DEVICE_FAMILY = "1,2";
				TEST_TARGET_NAME = insertCell_VS_reloadData;
			};
			name = Release;
		};
/* End XCBuildConfiguration section */

/* Begin XCConfigurationList section */
		D4FE5CA22744C539000FDE69 /* Build configuration list for PBXProject "insertCell_VS_reloadData" */ = {
			isa = XCConfigurationList;
			buildConfigurations = (
				D4FE5CCF2744C546000FDE69 /* Debug */,
				D4FE5CD02744C546000FDE69 /* Release */,
			);
			defaultConfigurationIsVisible = 0;
			defaultConfigurationName = Release;
		};
		D4FE5CD12744C546000FDE69 /* Build configuration list for PBXNativeTarget "insertCell_VS_reloadData" */ = {
			isa = XCConfigurationList;
			buildConfigurations = (
				D4FE5CD22744C546000FDE69 /* Debug */,
				D4FE5CD32744C546000FDE69 /* Release */,
			);
			defaultConfigurationIsVisible = 0;
			defaultConfigurationName = Release;
		};
		D4FE5CD42744C546000FDE69 /* Build configuration list for PBXNativeTarget "insertCell_VS_reloadDataTests" */ = {
			isa = XCConfigurationList;
			buildConfigurations = (
				D4FE5CD52744C546000FDE69 /* Debug */,
				D4FE5CD62744C546000FDE69 /* Release */,
			);
			defaultConfigurationIsVisible = 0;
			defaultConfigurationName = Release;
		};
		D4FE5CD72744C546000FDE69 /* Build configuration list for PBXNativeTarget "insertCell_VS_reloadDataUITests" */ = {
			isa = XCConfigurationList;
			buildConfigurations = (
				D4FE5CD82744C546000FDE69 /* Debug */,
				D4FE5CD92744C546000FDE69 /* Release */,
			);
			defaultConfigurationIsVisible = 0;
			defaultConfigurationName = Release;
		};
/* End XCConfigurationList section */
	};
	rootObject = D4FE5C9F2744C539000FDE69 /* Project object */;
}
